// !$*UTF8*$!
{
	archiveVersion = 1;
	classes = {
	};
	objectVersion = 46;
	objects = {

/* Begin PBXBuildFile section */
		CE1E3779160F669E00098C98 /* JTStyledElementsBundle.bundle in Resources */ = {isa = PBXBuildFile; fileRef = CE1E3778160F669E00098C98 /* JTStyledElementsBundle.bundle */; };
		CE1E3783160F686600098C98 /* Localizable.strings in Resources */ = {isa = PBXBuildFile; fileRef = CE1E3785160F686600098C98 /* Localizable.strings */; };
		CE1E3787160F689D00098C98 /* libJTStyledElements.a in Frameworks */ = {isa = PBXBuildFile; fileRef = D98B52F615F4D64D00A7FCB7 /* libJTStyledElements.a */; };
		D98B52FA15F4D64D00A7FCB7 /* Foundation.framework in Frameworks */ = {isa = PBXBuildFile; fileRef = D98B52F915F4D64D00A7FCB7 /* Foundation.framework */; };
		D98B533815F4D7AB00A7FCB7 /* AdvancedGraphics.m in Sources */ = {isa = PBXBuildFile; fileRef = D98B530D15F4D7AB00A7FCB7 /* AdvancedGraphics.m */; };
		D98B533915F4D7AB00A7FCB7 /* JTStyledButton+JTButton.m in Sources */ = {isa = PBXBuildFile; fileRef = D98B530F15F4D7AB00A7FCB7 /* JTStyledButton+JTButton.m */; };
		D98B533A15F4D7AB00A7FCB7 /* UIButton+JTButton.m in Sources */ = {isa = PBXBuildFile; fileRef = D98B531115F4D7AB00A7FCB7 /* UIButton+JTButton.m */; };
		D98B533B15F4D7AB00A7FCB7 /* UIColor+AdvancedColors.m in Sources */ = {isa = PBXBuildFile; fileRef = D98B531315F4D7AB00A7FCB7 /* UIColor+AdvancedColors.m */; };
		D98B533C15F4D7AB00A7FCB7 /* UIImage+AdvancedProcessing.m in Sources */ = {isa = PBXBuildFile; fileRef = D98B531515F4D7AB00A7FCB7 /* UIImage+AdvancedProcessing.m */; };
		D98B533D15F4D7AB00A7FCB7 /* UIImage+JTImages.m in Sources */ = {isa = PBXBuildFile; fileRef = D98B531715F4D7AB00A7FCB7 /* UIImage+JTImages.m */; };
		D98B533E15F4D7AB00A7FCB7 /* JTStyledPageControl.m in Sources */ = {isa = PBXBuildFile; fileRef = D98B531915F4D7AB00A7FCB7 /* JTStyledPageControl.m */; };
		D98B534015F4D7AB00A7FCB7 /* JTBarButton.m in Sources */ = {isa = PBXBuildFile; fileRef = D98B531D15F4D7AB00A7FCB7 /* JTBarButton.m */; };
		D98B534115F4D7AB00A7FCB7 /* JTBarView.m in Sources */ = {isa = PBXBuildFile; fileRef = D98B531F15F4D7AB00A7FCB7 /* JTBarView.m */; };
		D98B534315F4D7AB00A7FCB7 /* JTPopupView.m in Sources */ = {isa = PBXBuildFile; fileRef = D98B532315F4D7AB00A7FCB7 /* JTPopupView.m */; };
		D98B534415F4D7AB00A7FCB7 /* JTStyledButton.m in Sources */ = {isa = PBXBuildFile; fileRef = D98B532515F4D7AB00A7FCB7 /* JTStyledButton.m */; };
		D98B534515F4D7AB00A7FCB7 /* JTStyledCell.m in Sources */ = {isa = PBXBuildFile; fileRef = D98B532715F4D7AB00A7FCB7 /* JTStyledCell.m */; };
		D98B534615F4D7AB00A7FCB7 /* JTStyledEditableCell.m in Sources */ = {isa = PBXBuildFile; fileRef = D98B532915F4D7AB00A7FCB7 /* JTStyledEditableCell.m */; };
		D98B534715F4D7AB00A7FCB7 /* JTStyledTextField.m in Sources */ = {isa = PBXBuildFile; fileRef = D98B532C15F4D7AB00A7FCB7 /* JTStyledTextField.m */; };
		D98B534815F4D7AB00A7FCB7 /* JTStyledTextView.m in Sources */ = {isa = PBXBuildFile; fileRef = D98B532E15F4D7AB00A7FCB7 /* JTStyledTextView.m */; };
		D98B534915F4D7AB00A7FCB7 /* JTStyledTimeLineView.m in Sources */ = {isa = PBXBuildFile; fileRef = D98B533015F4D7AB00A7FCB7 /* JTStyledTimeLineView.m */; };
		D98B534A15F4D7AB00A7FCB7 /* JTStyledView.m in Sources */ = {isa = PBXBuildFile; fileRef = D98B533215F4D7AB00A7FCB7 /* JTStyledView.m */; };
		D98B534B15F4D7AB00A7FCB7 /* JTPagedView.m in Sources */ = {isa = PBXBuildFile; fileRef = D98B533415F4D7AB00A7FCB7 /* JTPagedView.m */; };
		D98B534C15F4D7AC00A7FCB7 /* JTRoundRectButton.m in Sources */ = {isa = PBXBuildFile; fileRef = D98B533615F4D7AB00A7FCB7 /* JTRoundRectButton.m */; };
		D98B534E15F4D92D00A7FCB7 /* UIKit.framework in Frameworks */ = {isa = PBXBuildFile; fileRef = D98B534D15F4D92D00A7FCB7 /* UIKit.framework */; };
		D98B535015F4D93600A7FCB7 /* QuartzCore.framework in Frameworks */ = {isa = PBXBuildFile; fileRef = D98B534F15F4D93600A7FCB7 /* QuartzCore.framework */; };
		D98B541115F4E03500A7FCB7 /* CoreGraphics.framework in Frameworks */ = {isa = PBXBuildFile; fileRef = D98B535915F4DB1800A7FCB7 /* CoreGraphics.framework */; };
/* End PBXBuildFile section */

/* Begin PBXContainerItemProxy section */
		CE1E374A160F5A0B00098C98 /* PBXContainerItemProxy */ = {
			isa = PBXContainerItemProxy;
			containerPortal = D98B52ED15F4D64D00A7FCB7 /* Project object */;
			proxyType = 1;
			remoteGlobalIDString = CE1E3623160F38A400098C98;
			remoteInfo = JTStyledElementsBundle;
		};
/* End PBXContainerItemProxy section */

/* Begin PBXCopyFilesBuildPhase section */
		D98B52F415F4D64D00A7FCB7 /* CopyFiles */ = {
			isa = PBXCopyFilesBuildPhase;
			buildActionMask = 2147483647;
			dstPath = "include/${PRODUCT_NAME}";
			dstSubfolderSpec = 16;
			files = (
			);
			runOnlyForDeploymentPostprocessing = 0;
		};
/* End PBXCopyFilesBuildPhase section */

/* Begin PBXFileReference section */
		CE1E3624160F38A400098C98 /* JTStyledElementsBundle.bundle */ = {isa = PBXFileReference; explicitFileType = wrapper.cfbundle; includeInIndex = 0; path = JTStyledElementsBundle.bundle; sourceTree = BUILT_PRODUCTS_DIR; };
		CE1E362D160F38A400098C98 /* JTStyledElementsBundle-Info.plist */ = {isa = PBXFileReference; lastKnownFileType = text.plist.xml; path = "JTStyledElementsBundle-Info.plist"; sourceTree = "<group>"; };
		CE1E3778160F669E00098C98 /* JTStyledElementsBundle.bundle */ = {isa = PBXFileReference; lastKnownFileType = "wrapper.plug-in"; path = JTStyledElementsBundle.bundle; sourceTree = "<group>"; };
		CE1E3784160F686600098C98 /* en */ = {isa = PBXFileReference; lastKnownFileType = text.plist.strings; name = en; path = en.lproj/Localizable.strings; sourceTree = "<group>"; };
		CE1E3786160F686A00098C98 /* ru */ = {isa = PBXFileReference; lastKnownFileType = text.plist.strings; name = ru; path = ru.lproj/Localizable.strings; sourceTree = "<group>"; };
		D966EA0D15F5EEBA00F07310 /* JTStyledElements.h */ = {isa = PBXFileReference; lastKnownFileType = sourcecode.c.h; path = JTStyledElements.h; sourceTree = "<group>"; };
		D98B52F615F4D64D00A7FCB7 /* libJTStyledElements.a */ = {isa = PBXFileReference; explicitFileType = archive.ar; includeInIndex = 0; path = libJTStyledElements.a; sourceTree = BUILT_PRODUCTS_DIR; };
		D98B52F915F4D64D00A7FCB7 /* Foundation.framework */ = {isa = PBXFileReference; lastKnownFileType = wrapper.framework; name = Foundation.framework; path = System/Library/Frameworks/Foundation.framework; sourceTree = SDKROOT; };
		D98B530C15F4D7AB00A7FCB7 /* AdvancedGraphics.h */ = {isa = PBXFileReference; fileEncoding = 4; lastKnownFileType = sourcecode.c.h; path = AdvancedGraphics.h; sourceTree = "<group>"; };
		D98B530D15F4D7AB00A7FCB7 /* AdvancedGraphics.m */ = {isa = PBXFileReference; fileEncoding = 4; lastKnownFileType = sourcecode.c.objc; path = AdvancedGraphics.m; sourceTree = "<group>"; };
		D98B530E15F4D7AB00A7FCB7 /* JTStyledButton+JTButton.h */ = {isa = PBXFileReference; fileEncoding = 4; lastKnownFileType = sourcecode.c.h; path = "JTStyledButton+JTButton.h"; sourceTree = "<group>"; };
		D98B530F15F4D7AB00A7FCB7 /* JTStyledButton+JTButton.m */ = {isa = PBXFileReference; fileEncoding = 4; lastKnownFileType = sourcecode.c.objc; path = "JTStyledButton+JTButton.m"; sourceTree = "<group>"; };
		D98B531015F4D7AB00A7FCB7 /* UIButton+JTButton.h */ = {isa = PBXFileReference; fileEncoding = 4; lastKnownFileType = sourcecode.c.h; path = "UIButton+JTButton.h"; sourceTree = "<group>"; };
		D98B531115F4D7AB00A7FCB7 /* UIButton+JTButton.m */ = {isa = PBXFileReference; fileEncoding = 4; lastKnownFileType = sourcecode.c.objc; path = "UIButton+JTButton.m"; sourceTree = "<group>"; };
		D98B531215F4D7AB00A7FCB7 /* UIColor+AdvancedColors.h */ = {isa = PBXFileReference; fileEncoding = 4; lastKnownFileType = sourcecode.c.h; path = "UIColor+AdvancedColors.h"; sourceTree = "<group>"; };
		D98B531315F4D7AB00A7FCB7 /* UIColor+AdvancedColors.m */ = {isa = PBXFileReference; fileEncoding = 4; lastKnownFileType = sourcecode.c.objc; path = "UIColor+AdvancedColors.m"; sourceTree = "<group>"; };
		D98B531415F4D7AB00A7FCB7 /* UIImage+AdvancedProcessing.h */ = {isa = PBXFileReference; fileEncoding = 4; lastKnownFileType = sourcecode.c.h; path = "UIImage+AdvancedProcessing.h"; sourceTree = "<group>"; };
		D98B531515F4D7AB00A7FCB7 /* UIImage+AdvancedProcessing.m */ = {isa = PBXFileReference; fileEncoding = 4; lastKnownFileType = sourcecode.c.objc; path = "UIImage+AdvancedProcessing.m"; sourceTree = "<group>"; };
		D98B531615F4D7AB00A7FCB7 /* UIImage+JTImages.h */ = {isa = PBXFileReference; fileEncoding = 4; lastKnownFileType = sourcecode.c.h; path = "UIImage+JTImages.h"; sourceTree = "<group>"; };
		D98B531715F4D7AB00A7FCB7 /* UIImage+JTImages.m */ = {isa = PBXFileReference; fileEncoding = 4; lastKnownFileType = sourcecode.c.objc; path = "UIImage+JTImages.m"; sourceTree = "<group>"; };
		D98B531815F4D7AB00A7FCB7 /* JTStyledPageControl.h */ = {isa = PBXFileReference; fileEncoding = 4; lastKnownFileType = sourcecode.c.h; path = JTStyledPageControl.h; sourceTree = "<group>"; };
		D98B531915F4D7AB00A7FCB7 /* JTStyledPageControl.m */ = {isa = PBXFileReference; fileEncoding = 4; lastKnownFileType = sourcecode.c.objc; path = JTStyledPageControl.m; sourceTree = "<group>"; };
		D98B531C15F4D7AB00A7FCB7 /* JTBarButton.h */ = {isa = PBXFileReference; fileEncoding = 4; lastKnownFileType = sourcecode.c.h; path = JTBarButton.h; sourceTree = "<group>"; };
		D98B531D15F4D7AB00A7FCB7 /* JTBarButton.m */ = {isa = PBXFileReference; fileEncoding = 4; lastKnownFileType = sourcecode.c.objc; path = JTBarButton.m; sourceTree = "<group>"; };
		D98B531E15F4D7AB00A7FCB7 /* JTBarView.h */ = {isa = PBXFileReference; fileEncoding = 4; lastKnownFileType = sourcecode.c.h; path = JTBarView.h; sourceTree = "<group>"; };
		D98B531F15F4D7AB00A7FCB7 /* JTBarView.m */ = {isa = PBXFileReference; fileEncoding = 4; lastKnownFileType = sourcecode.c.objc; path = JTBarView.m; sourceTree = "<group>"; };
		D98B532215F4D7AB00A7FCB7 /* JTPopupView.h */ = {isa = PBXFileReference; fileEncoding = 4; lastKnownFileType = sourcecode.c.h; path = JTPopupView.h; sourceTree = "<group>"; };
		D98B532315F4D7AB00A7FCB7 /* JTPopupView.m */ = {isa = PBXFileReference; fileEncoding = 4; lastKnownFileType = sourcecode.c.objc; path = JTPopupView.m; sourceTree = "<group>"; };
		D98B532415F4D7AB00A7FCB7 /* JTStyledButton.h */ = {isa = PBXFileReference; fileEncoding = 4; lastKnownFileType = sourcecode.c.h; path = JTStyledButton.h; sourceTree = "<group>"; };
		D98B532515F4D7AB00A7FCB7 /* JTStyledButton.m */ = {isa = PBXFileReference; fileEncoding = 4; lastKnownFileType = sourcecode.c.objc; path = JTStyledButton.m; sourceTree = "<group>"; };
		D98B532615F4D7AB00A7FCB7 /* JTStyledCell.h */ = {isa = PBXFileReference; fileEncoding = 4; lastKnownFileType = sourcecode.c.h; path = JTStyledCell.h; sourceTree = "<group>"; };
		D98B532715F4D7AB00A7FCB7 /* JTStyledCell.m */ = {isa = PBXFileReference; fileEncoding = 4; lastKnownFileType = sourcecode.c.objc; path = JTStyledCell.m; sourceTree = "<group>"; };
		D98B532815F4D7AB00A7FCB7 /* JTStyledEditableCell.h */ = {isa = PBXFileReference; fileEncoding = 4; lastKnownFileType = sourcecode.c.h; path = JTStyledEditableCell.h; sourceTree = "<group>"; };
		D98B532915F4D7AB00A7FCB7 /* JTStyledEditableCell.m */ = {isa = PBXFileReference; fileEncoding = 4; lastKnownFileType = sourcecode.c.objc; path = JTStyledEditableCell.m; sourceTree = "<group>"; };
		D98B532A15F4D7AB00A7FCB7 /* JTStyledDefines.h */ = {isa = PBXFileReference; fileEncoding = 4; lastKnownFileType = sourcecode.c.h; path = JTStyledDefines.h; sourceTree = "<group>"; };
		D98B532B15F4D7AB00A7FCB7 /* JTStyledTextField.h */ = {isa = PBXFileReference; fileEncoding = 4; lastKnownFileType = sourcecode.c.h; path = JTStyledTextField.h; sourceTree = "<group>"; };
		D98B532C15F4D7AB00A7FCB7 /* JTStyledTextField.m */ = {isa = PBXFileReference; fileEncoding = 4; lastKnownFileType = sourcecode.c.objc; path = JTStyledTextField.m; sourceTree = "<group>"; };
		D98B532D15F4D7AB00A7FCB7 /* JTStyledTextView.h */ = {isa = PBXFileReference; fileEncoding = 4; lastKnownFileType = sourcecode.c.h; path = JTStyledTextView.h; sourceTree = "<group>"; };
		D98B532E15F4D7AB00A7FCB7 /* JTStyledTextView.m */ = {isa = PBXFileReference; fileEncoding = 4; lastKnownFileType = sourcecode.c.objc; path = JTStyledTextView.m; sourceTree = "<group>"; };
		D98B532F15F4D7AB00A7FCB7 /* JTStyledTimeLineView.h */ = {isa = PBXFileReference; fileEncoding = 4; lastKnownFileType = sourcecode.c.h; path = JTStyledTimeLineView.h; sourceTree = "<group>"; };
		D98B533015F4D7AB00A7FCB7 /* JTStyledTimeLineView.m */ = {isa = PBXFileReference; fileEncoding = 4; lastKnownFileType = sourcecode.c.objc; path = JTStyledTimeLineView.m; sourceTree = "<group>"; };
		D98B533115F4D7AB00A7FCB7 /* JTStyledView.h */ = {isa = PBXFileReference; fileEncoding = 4; lastKnownFileType = sourcecode.c.h; path = JTStyledView.h; sourceTree = "<group>"; };
		D98B533215F4D7AB00A7FCB7 /* JTStyledView.m */ = {isa = PBXFileReference; fileEncoding = 4; lastKnownFileType = sourcecode.c.objc; path = JTStyledView.m; sourceTree = "<group>"; };
		D98B533315F4D7AB00A7FCB7 /* JTPagedView.h */ = {isa = PBXFileReference; fileEncoding = 4; lastKnownFileType = sourcecode.c.h; path = JTPagedView.h; sourceTree = "<group>"; };
		D98B533415F4D7AB00A7FCB7 /* JTPagedView.m */ = {isa = PBXFileReference; fileEncoding = 4; lastKnownFileType = sourcecode.c.objc; path = JTPagedView.m; sourceTree = "<group>"; };
		D98B533515F4D7AB00A7FCB7 /* JTRoundRectButton.h */ = {isa = PBXFileReference; fileEncoding = 4; lastKnownFileType = sourcecode.c.h; path = JTRoundRectButton.h; sourceTree = "<group>"; };
		D98B533615F4D7AB00A7FCB7 /* JTRoundRectButton.m */ = {isa = PBXFileReference; fileEncoding = 4; lastKnownFileType = sourcecode.c.objc; path = JTRoundRectButton.m; sourceTree = "<group>"; };
		D98B533715F4D7AB00A7FCB7 /* JTStyledElements-Prefix.pch */ = {isa = PBXFileReference; fileEncoding = 4; lastKnownFileType = sourcecode.c.h; path = "JTStyledElements-Prefix.pch"; sourceTree = "<group>"; };
		D98B534D15F4D92D00A7FCB7 /* UIKit.framework */ = {isa = PBXFileReference; lastKnownFileType = wrapper.framework; name = UIKit.framework; path = System/Library/Frameworks/UIKit.framework; sourceTree = SDKROOT; };
		D98B534F15F4D93600A7FCB7 /* QuartzCore.framework */ = {isa = PBXFileReference; lastKnownFileType = wrapper.framework; name = QuartzCore.framework; path = System/Library/Frameworks/QuartzCore.framework; sourceTree = SDKROOT; };
		D98B535915F4DB1800A7FCB7 /* CoreGraphics.framework */ = {isa = PBXFileReference; lastKnownFileType = wrapper.framework; name = CoreGraphics.framework; path = System/Library/Frameworks/CoreGraphics.framework; sourceTree = SDKROOT; };
/* End PBXFileReference section */

/* Begin PBXFrameworksBuildPhase section */
		CE1E3621160F38A400098C98 /* Frameworks */ = {
			isa = PBXFrameworksBuildPhase;
			buildActionMask = 2147483647;
			files = (
				CE1E3787160F689D00098C98 /* libJTStyledElements.a in Frameworks */,
			);
			runOnlyForDeploymentPostprocessing = 0;
		};
		D98B52F315F4D64D00A7FCB7 /* Frameworks */ = {
			isa = PBXFrameworksBuildPhase;
			buildActionMask = 2147483647;
			files = (
				D98B541115F4E03500A7FCB7 /* CoreGraphics.framework in Frameworks */,
				D98B535015F4D93600A7FCB7 /* QuartzCore.framework in Frameworks */,
				D98B534E15F4D92D00A7FCB7 /* UIKit.framework in Frameworks */,
				D98B52FA15F4D64D00A7FCB7 /* Foundation.framework in Frameworks */,
			);
			runOnlyForDeploymentPostprocessing = 0;
		};
/* End PBXFrameworksBuildPhase section */

/* Begin PBXGroup section */
		CE1E362B160F38A400098C98 /* JTStyledElementsBundle */ = {
			isa = PBXGroup;
			children = (
				CE1E3785160F686600098C98 /* Localizable.strings */,
				CE1E3778160F669E00098C98 /* JTStyledElementsBundle.bundle */,
				CE1E362C160F38A400098C98 /* Supporting Files */,
			);
			path = JTStyledElementsBundle;
			sourceTree = "<group>";
		};
		CE1E362C160F38A400098C98 /* Supporting Files */ = {
			isa = PBXGroup;
			children = (
				CE1E362D160F38A400098C98 /* JTStyledElementsBundle-Info.plist */,
			);
			name = "Supporting Files";
			sourceTree = "<group>";
		};
		D98B52EB15F4D64D00A7FCB7 = {
			isa = PBXGroup;
			children = (
				D98B52FB15F4D64D00A7FCB7 /* JTStyledElements */,
				CE1E362B160F38A400098C98 /* JTStyledElementsBundle */,
				D98B52F815F4D64D00A7FCB7 /* Frameworks */,
				D98B52F715F4D64D00A7FCB7 /* Products */,
			);
			sourceTree = "<group>";
		};
		D98B52F715F4D64D00A7FCB7 /* Products */ = {
			isa = PBXGroup;
			children = (
				D98B52F615F4D64D00A7FCB7 /* libJTStyledElements.a */,
				CE1E3624160F38A400098C98 /* JTStyledElementsBundle.bundle */,
			);
			name = Products;
			sourceTree = "<group>";
		};
		D98B52F815F4D64D00A7FCB7 /* Frameworks */ = {
			isa = PBXGroup;
			children = (
				D98B534F15F4D93600A7FCB7 /* QuartzCore.framework */,
				D98B534D15F4D92D00A7FCB7 /* UIKit.framework */,
				D98B52F915F4D64D00A7FCB7 /* Foundation.framework */,
				D98B535915F4DB1800A7FCB7 /* CoreGraphics.framework */,
			);
			name = Frameworks;
			sourceTree = "<group>";
		};
		D98B52FB15F4D64D00A7FCB7 /* JTStyledElements */ = {
			isa = PBXGroup;
			children = (
				D98B530A15F4D7AB00A7FCB7 /* Source */,
			);
			path = JTStyledElements;
			sourceTree = "<group>";
		};
		D98B530A15F4D7AB00A7FCB7 /* Source */ = {
			isa = PBXGroup;
			children = (
				D98B530B15F4D7AB00A7FCB7 /* Categories */,
				D98B531C15F4D7AB00A7FCB7 /* JTBarButton.h */,
				D98B531D15F4D7AB00A7FCB7 /* JTBarButton.m */,
				D98B531E15F4D7AB00A7FCB7 /* JTBarView.h */,
				D98B531F15F4D7AB00A7FCB7 /* JTBarView.m */,
				D98B533315F4D7AB00A7FCB7 /* JTPagedView.h */,
				D98B533415F4D7AB00A7FCB7 /* JTPagedView.m */,
				D98B533515F4D7AB00A7FCB7 /* JTRoundRectButton.h */,
				D98B533615F4D7AB00A7FCB7 /* JTRoundRectButton.m */,
				D98B531815F4D7AB00A7FCB7 /* JTStyledPageControl.h */,
				D98B531915F4D7AB00A7FCB7 /* JTStyledPageControl.m */,
				D98B532415F4D7AB00A7FCB7 /* JTStyledButton.h */,
				D98B532515F4D7AB00A7FCB7 /* JTStyledButton.m */,
				D98B532D15F4D7AB00A7FCB7 /* JTStyledTextView.h */,
				D98B532E15F4D7AB00A7FCB7 /* JTStyledTextView.m */,
				D98B532215F4D7AB00A7FCB7 /* JTPopupView.h */,
				D98B532315F4D7AB00A7FCB7 /* JTPopupView.m */,
				D98B532615F4D7AB00A7FCB7 /* JTStyledCell.h */,
				D98B532715F4D7AB00A7FCB7 /* JTStyledCell.m */,
				D98B532815F4D7AB00A7FCB7 /* JTStyledEditableCell.h */,
				D98B532915F4D7AB00A7FCB7 /* JTStyledEditableCell.m */,
				D98B532A15F4D7AB00A7FCB7 /* JTStyledDefines.h */,
				D98B532B15F4D7AB00A7FCB7 /* JTStyledTextField.h */,
				D98B532C15F4D7AB00A7FCB7 /* JTStyledTextField.m */,
				D98B532F15F4D7AB00A7FCB7 /* JTStyledTimeLineView.h */,
				D98B533015F4D7AB00A7FCB7 /* JTStyledTimeLineView.m */,
				D98B533115F4D7AB00A7FCB7 /* JTStyledView.h */,
				D98B533215F4D7AB00A7FCB7 /* JTStyledView.m */,
				D966EA0D15F5EEBA00F07310 /* JTStyledElements.h */,
				D98B533715F4D7AB00A7FCB7 /* JTStyledElements-Prefix.pch */,
			);
			path = Source;
			sourceTree = "<group>";
		};
		D98B530B15F4D7AB00A7FCB7 /* Categories */ = {
			isa = PBXGroup;
			children = (
				D98B530C15F4D7AB00A7FCB7 /* AdvancedGraphics.h */,
				D98B530D15F4D7AB00A7FCB7 /* AdvancedGraphics.m */,
				D98B530E15F4D7AB00A7FCB7 /* JTStyledButton+JTButton.h */,
				D98B530F15F4D7AB00A7FCB7 /* JTStyledButton+JTButton.m */,
				D98B531015F4D7AB00A7FCB7 /* UIButton+JTButton.h */,
				D98B531115F4D7AB00A7FCB7 /* UIButton+JTButton.m */,
				D98B531215F4D7AB00A7FCB7 /* UIColor+AdvancedColors.h */,
				D98B531315F4D7AB00A7FCB7 /* UIColor+AdvancedColors.m */,
				D98B531415F4D7AB00A7FCB7 /* UIImage+AdvancedProcessing.h */,
				D98B531515F4D7AB00A7FCB7 /* UIImage+AdvancedProcessing.m */,
				D98B531615F4D7AB00A7FCB7 /* UIImage+JTImages.h */,
				D98B531715F4D7AB00A7FCB7 /* UIImage+JTImages.m */,
			);
			path = Categories;
			sourceTree = "<group>";
		};
/* End PBXGroup section */

/* Begin PBXNativeTarget section */
		CE1E3623160F38A400098C98 /* JTStyledElementsBundle */ = {
			isa = PBXNativeTarget;
			buildConfigurationList = CE1E3634160F38A400098C98 /* Build configuration list for PBXNativeTarget "JTStyledElementsBundle" */;
			buildPhases = (
				CE1E3620160F38A400098C98 /* Sources */,
				CE1E3621160F38A400098C98 /* Frameworks */,
				CE1E3622160F38A400098C98 /* Resources */,
			);
			buildRules = (
			);
			dependencies = (
			);
			name = JTStyledElementsBundle;
			productName = JTStyledElementsBundle;
			productReference = CE1E3624160F38A400098C98 /* JTStyledElementsBundle.bundle */;
			productType = "com.apple.product-type.bundle";
		};
		D98B52F515F4D64D00A7FCB7 /* JTStyledElements */ = {
			isa = PBXNativeTarget;
			buildConfigurationList = D98B530415F4D64E00A7FCB7 /* Build configuration list for PBXNativeTarget "JTStyledElements" */;
			buildPhases = (
				D98B52F215F4D64D00A7FCB7 /* Sources */,
				D98B52F315F4D64D00A7FCB7 /* Frameworks */,
				D98B52F415F4D64D00A7FCB7 /* CopyFiles */,
			);
			buildRules = (
			);
			dependencies = (
				CE1E374B160F5A0B00098C98 /* PBXTargetDependency */,
			);
			name = JTStyledElements;
			productName = JTStyledElements;
			productReference = D98B52F615F4D64D00A7FCB7 /* libJTStyledElements.a */;
			productType = "com.apple.product-type.library.static";
		};
/* End PBXNativeTarget section */

/* Begin PBXProject section */
		D98B52ED15F4D64D00A7FCB7 /* Project object */ = {
			isa = PBXProject;
			attributes = {
				LastUpgradeCheck = 0460;
				ORGANIZATIONNAME = "Mihail Koltsov";
			};
			buildConfigurationList = D98B52F015F4D64D00A7FCB7 /* Build configuration list for PBXProject "JTStyledElements" */;
			compatibilityVersion = "Xcode 3.2";
			developmentRegion = English;
			hasScannedForEncodings = 0;
			knownRegions = (
				en,
				ru,
			);
			mainGroup = D98B52EB15F4D64D00A7FCB7;
			productRefGroup = D98B52F715F4D64D00A7FCB7 /* Products */;
			projectDirPath = "";
			projectRoot = "";
			targets = (
				D98B52F515F4D64D00A7FCB7 /* JTStyledElements */,
				CE1E3623160F38A400098C98 /* JTStyledElementsBundle */,
			);
		};
/* End PBXProject section */

/* Begin PBXResourcesBuildPhase section */
		CE1E3622160F38A400098C98 /* Resources */ = {
			isa = PBXResourcesBuildPhase;
			buildActionMask = 2147483647;
			files = (
				CE1E3779160F669E00098C98 /* JTStyledElementsBundle.bundle in Resources */,
				CE1E3783160F686600098C98 /* Localizable.strings in Resources */,
			);
			runOnlyForDeploymentPostprocessing = 0;
		};
/* End PBXResourcesBuildPhase section */

/* Begin PBXSourcesBuildPhase section */
		CE1E3620160F38A400098C98 /* Sources */ = {
			isa = PBXSourcesBuildPhase;
			buildActionMask = 2147483647;
			files = (
			);
			runOnlyForDeploymentPostprocessing = 0;
		};
		D98B52F215F4D64D00A7FCB7 /* Sources */ = {
			isa = PBXSourcesBuildPhase;
			buildActionMask = 2147483647;
			files = (
				D98B533815F4D7AB00A7FCB7 /* AdvancedGraphics.m in Sources */,
				D98B533915F4D7AB00A7FCB7 /* JTStyledButton+JTButton.m in Sources */,
				D98B533A15F4D7AB00A7FCB7 /* UIButton+JTButton.m in Sources */,
				D98B533B15F4D7AB00A7FCB7 /* UIColor+AdvancedColors.m in Sources */,
				D98B533C15F4D7AB00A7FCB7 /* UIImage+AdvancedProcessing.m in Sources */,
				D98B533D15F4D7AB00A7FCB7 /* UIImage+JTImages.m in Sources */,
				D98B533E15F4D7AB00A7FCB7 /* JTStyledPageControl.m in Sources */,
				D98B534015F4D7AB00A7FCB7 /* JTBarButton.m in Sources */,
				D98B534115F4D7AB00A7FCB7 /* JTBarView.m in Sources */,
				D98B534315F4D7AB00A7FCB7 /* JTPopupView.m in Sources */,
				D98B534415F4D7AB00A7FCB7 /* JTStyledButton.m in Sources */,
				D98B534515F4D7AB00A7FCB7 /* JTStyledCell.m in Sources */,
				D98B534615F4D7AB00A7FCB7 /* JTStyledEditableCell.m in Sources */,
				D98B534715F4D7AB00A7FCB7 /* JTStyledTextField.m in Sources */,
				D98B534815F4D7AB00A7FCB7 /* JTStyledTextView.m in Sources */,
				D98B534915F4D7AB00A7FCB7 /* JTStyledTimeLineView.m in Sources */,
				D98B534A15F4D7AB00A7FCB7 /* JTStyledView.m in Sources */,
				D98B534B15F4D7AB00A7FCB7 /* JTPagedView.m in Sources */,
				D98B534C15F4D7AC00A7FCB7 /* JTRoundRectButton.m in Sources */,
			);
			runOnlyForDeploymentPostprocessing = 0;
		};
/* End PBXSourcesBuildPhase section */

/* Begin PBXTargetDependency section */
		CE1E374B160F5A0B00098C98 /* PBXTargetDependency */ = {
			isa = PBXTargetDependency;
			target = CE1E3623160F38A400098C98 /* JTStyledElementsBundle */;
			targetProxy = CE1E374A160F5A0B00098C98 /* PBXContainerItemProxy */;
		};
/* End PBXTargetDependency section */

/* Begin PBXVariantGroup section */
		CE1E3785160F686600098C98 /* Localizable.strings */ = {
			isa = PBXVariantGroup;
			children = (
				CE1E3784160F686600098C98 /* en */,
				CE1E3786160F686A00098C98 /* ru */,
			);
			name = Localizable.strings;
			sourceTree = "<group>";
		};
/* End PBXVariantGroup section */

/* Begin XCBuildConfiguration section */
		CE1E3632160F38A400098C98 /* Debug */ = {
			isa = XCBuildConfiguration;
			buildSettings = {
				ARCHS = "$(ARCHS_STANDARD_32_BIT)";
				CLANG_CXX_LIBRARY = "libc++";
				CLANG_WARN_EMPTY_BODY = YES;
				COMBINE_HIDPI_IMAGES = YES;
				FRAMEWORK_SEARCH_PATHS = (
					"$(inherited)",
					"\"$(SYSTEM_APPS_DIR)/Xcode.app/Contents/Developer/Library/Frameworks\"",
				);
				GCC_ENABLE_OBJC_EXCEPTIONS = YES;
				GCC_PRECOMPILE_PREFIX_HEADER = YES;
				GCC_WARN_64_TO_32_BIT_CONVERSION = YES;
				INFOPLIST_FILE = "JTStyledElementsBundle/JTStyledElementsBundle-Info.plist";
				MACOSX_DEPLOYMENT_TARGET = 10.7;
				ONLY_ACTIVE_ARCH = NO;
				PRODUCT_NAME = "$(TARGET_NAME)";
				SDKROOT = iphoneos;
				SUPPORTED_PLATFORMS = "iphonesimulator iphoneos";
				TARGETED_DEVICE_FAMILY = "1,2";
				WRAPPER_EXTENSION = bundle;
			};
			name = Debug;
		};
		CE1E3633160F38A400098C98 /* Release */ = {
			isa = XCBuildConfiguration;
			buildSettings = {
				ARCHS = "$(ARCHS_STANDARD_32_BIT)";
				CLANG_CXX_LIBRARY = "libc++";
				CLANG_WARN_EMPTY_BODY = YES;
				COMBINE_HIDPI_IMAGES = YES;
				DEBUG_INFORMATION_FORMAT = "dwarf-with-dsym";
				FRAMEWORK_SEARCH_PATHS = (
					"$(inherited)",
					"\"$(SYSTEM_APPS_DIR)/Xcode.app/Contents/Developer/Library/Frameworks\"",
				);
				GCC_ENABLE_OBJC_EXCEPTIONS = YES;
				GCC_PRECOMPILE_PREFIX_HEADER = YES;
				GCC_WARN_64_TO_32_BIT_CONVERSION = YES;
				INFOPLIST_FILE = "JTStyledElementsBundle/JTStyledElementsBundle-Info.plist";
				MACOSX_DEPLOYMENT_TARGET = 10.7;
				ONLY_ACTIVE_ARCH = NO;
				PRODUCT_NAME = "$(TARGET_NAME)";
				SDKROOT = iphoneos;
				SUPPORTED_PLATFORMS = "iphonesimulator iphoneos";
				TARGETED_DEVICE_FAMILY = "1,2";
				WRAPPER_EXTENSION = bundle;
			};
			name = Release;
		};
		D98B530215F4D64E00A7FCB7 /* Debug */ = {
			isa = XCBuildConfiguration;
			buildSettings = {
				ALWAYS_SEARCH_USER_PATHS = NO;
				ARCHS = "$(ARCHS_STANDARD_32_BIT)";
				CLANG_CXX_LANGUAGE_STANDARD = "gnu++0x";
				CLANG_ENABLE_OBJC_ARC = YES;
				CLANG_WARN_CONSTANT_CONVERSION = YES;
				CLANG_WARN_ENUM_CONVERSION = YES;
				CLANG_WARN_INT_CONVERSION = YES;
				CLANG_WARN__DUPLICATE_METHOD_MATCH = YES;
				COPY_PHASE_STRIP = NO;
				GCC_C_LANGUAGE_STANDARD = gnu99;
				GCC_DYNAMIC_NO_PIC = NO;
				GCC_OPTIMIZATION_LEVEL = 0;
				GCC_PREPROCESSOR_DEFINITIONS = (
					"DEBUG=1",
					"$(inherited)",
				);
				GCC_SYMBOLS_PRIVATE_EXTERN = NO;
				GCC_VERSION = com.apple.compilers.llvm.clang.1_0;
				GCC_WARN_ABOUT_RETURN_TYPE = YES;
				GCC_WARN_UNINITIALIZED_AUTOS = YES;
				GCC_WARN_UNUSED_VARIABLE = YES;
				HEADER_SEARCH_PATHS = "\"$(SRCROOT)/JTStyledElements/Submodules/GMGridView/GMGridView\"";
				IPHONEOS_DEPLOYMENT_TARGET = 5.1;
				SDKROOT = iphoneos;
			};
			name = Debug;
		};
		D98B530315F4D64E00A7FCB7 /* Release */ = {
			isa = XCBuildConfiguration;
			buildSettings = {
				ALWAYS_SEARCH_USER_PATHS = NO;
				ARCHS = "$(ARCHS_STANDARD_32_BIT)";
				CLANG_CXX_LANGUAGE_STANDARD = "gnu++0x";
				CLANG_ENABLE_OBJC_ARC = YES;
				CLANG_WARN_CONSTANT_CONVERSION = YES;
				CLANG_WARN_ENUM_CONVERSION = YES;
				CLANG_WARN_INT_CONVERSION = YES;
				CLANG_WARN__DUPLICATE_METHOD_MATCH = YES;
				COPY_PHASE_STRIP = YES;
				GCC_C_LANGUAGE_STANDARD = gnu99;
				GCC_VERSION = com.apple.compilers.llvm.clang.1_0;
				GCC_WARN_ABOUT_RETURN_TYPE = YES;
				GCC_WARN_UNINITIALIZED_AUTOS = YES;
				GCC_WARN_UNUSED_VARIABLE = YES;
				HEADER_SEARCH_PATHS = "\"$(SRCROOT)/JTStyledElements/Submodules/GMGridView/GMGridView\"";
				IPHONEOS_DEPLOYMENT_TARGET = 5.1;
				SDKROOT = iphoneos;
				VALIDATE_PRODUCT = YES;
			};
			name = Release;
		};
		D98B530515F4D64E00A7FCB7 /* Debug */ = {
			isa = XCBuildConfiguration;
			buildSettings = {
				DSTROOT = /tmp/JTStyledElements.dst;
				GCC_PRECOMPILE_PREFIX_HEADER = YES;
				GCC_PREFIX_HEADER = "JTStyledElements/Source/JTStyledElements-Prefix.pch";
				HEADER_SEARCH_PATHS = "\"$(SRCROOT)/JTStyledElements/Submodules/GMGridView/GMGridView\"";
				OTHER_LDFLAGS = (
					"-ObjC",
					"-all_load",
				);
				PRODUCT_NAME = "$(TARGET_NAME)";
				SKIP_INSTALL = YES;
			};
			name = Debug;
		};
		D98B530615F4D64E00A7FCB7 /* Release */ = {
			isa = XCBuildConfiguration;
			buildSettings = {
				DSTROOT = /tmp/JTStyledElements.dst;
				GCC_PRECOMPILE_PREFIX_HEADER = YES;
				GCC_PREFIX_HEADER = "JTStyledElements/Source/JTStyledElements-Prefix.pch";
				HEADER_SEARCH_PATHS = "\"$(SRCROOT)/JTStyledElements/Submodules/GMGridView/GMGridView\"";
				OTHER_LDFLAGS = (
					"-ObjC",
					"-all_load",
				);
				PRODUCT_NAME = "$(TARGET_NAME)";
				SKIP_INSTALL = YES;
			};
			name = Release;
		};
/* End XCBuildConfiguration section */

/* Begin XCConfigurationList section */
		CE1E3634160F38A400098C98 /* Build configuration list for PBXNativeTarget "JTStyledElementsBundle" */ = {
			isa = XCConfigurationList;
			buildConfigurations = (
				CE1E3632160F38A400098C98 /* Debug */,
				CE1E3633160F38A400098C98 /* Release */,
			);
			defaultConfigurationIsVisible = 0;
			defaultConfigurationName = Release;
		};
		D98B52F015F4D64D00A7FCB7 /* Build configuration list for PBXProject "JTStyledElements" */ = {
			isa = XCConfigurationList;
			buildConfigurations = (
				D98B530215F4D64E00A7FCB7 /* Debug */,
				D98B530315F4D64E00A7FCB7 /* Release */,
			);
			defaultConfigurationIsVisible = 0;
			defaultConfigurationName = Release;
		};
		D98B530415F4D64E00A7FCB7 /* Build configuration list for PBXNativeTarget "JTStyledElements" */ = {
			isa = XCConfigurationList;
			buildConfigurations = (
				D98B530515F4D64E00A7FCB7 /* Debug */,
				D98B530615F4D64E00A7FCB7 /* Release */,
			);
			defaultConfigurationIsVisible = 0;
			defaultConfigurationName = Release;
		};
/* End XCConfigurationList section */
	};
	rootObject = D98B52ED15F4D64D00A7FCB7 /* Project object */;
}
